// !$*UTF8*$!
{
	archiveVersion = 1;
	classes = {
	};
	objectVersion = 55;
	objects = {

/* Begin PBXBuildFile section */
		7459B4222783BB68005A5642 /* FuzzyExampleApp.swift in Sources */ = {isa = PBXBuildFile; fileRef = 7459B4122783BB66005A5642 /* FuzzyExampleApp.swift */; };
		7459B4232783BB68005A5642 /* FuzzyExampleApp.swift in Sources */ = {isa = PBXBuildFile; fileRef = 7459B4122783BB66005A5642 /* FuzzyExampleApp.swift */; };
		7459B4242783BB68005A5642 /* ContentView.swift in Sources */ = {isa = PBXBuildFile; fileRef = 7459B4132783BB66005A5642 /* ContentView.swift */; };
		7459B4252783BB68005A5642 /* ContentView.swift in Sources */ = {isa = PBXBuildFile; fileRef = 7459B4132783BB66005A5642 /* ContentView.swift */; };
		7459B4262783BB68005A5642 /* Assets.xcassets in Resources */ = {isa = PBXBuildFile; fileRef = 7459B4142783BB68005A5642 /* Assets.xcassets */; };
		7459B4272783BB68005A5642 /* Assets.xcassets in Resources */ = {isa = PBXBuildFile; fileRef = 7459B4142783BB68005A5642 /* Assets.xcassets */; };
		7459B4322783BC7B005A5642 /* FuzzyKit in Frameworks */ = {isa = PBXBuildFile; productRef = 7459B4312783BC7B005A5642 /* FuzzyKit */; };
		74B8886E27AEC7C8000425B2 /* FuzzyKit in Frameworks */ = {isa = PBXBuildFile; productRef = 74B8886D27AEC7C8000425B2 /* FuzzyKit */; };
		74CA3D8227AECE23008E9D57 /* SwiftUICharts in Frameworks */ = {isa = PBXBuildFile; productRef = 74CA3D8127AECE23008E9D57 /* SwiftUICharts */; };
		74CA3D8427AECEFE008E9D57 /* SwiftUICharts in Frameworks */ = {isa = PBXBuildFile; productRef = 74CA3D8327AECEFE008E9D57 /* SwiftUICharts */; };
/* End PBXBuildFile section */

/* Begin PBXFileReference section */
		7459B4122783BB66005A5642 /* FuzzyExampleApp.swift */ = {isa = PBXFileReference; lastKnownFileType = sourcecode.swift; path = FuzzyExampleApp.swift; sourceTree = "<group>"; };
		7459B4132783BB66005A5642 /* ContentView.swift */ = {isa = PBXFileReference; lastKnownFileType = sourcecode.swift; path = ContentView.swift; sourceTree = "<group>"; };
		7459B4142783BB68005A5642 /* Assets.xcassets */ = {isa = PBXFileReference; lastKnownFileType = folder.assetcatalog; path = Assets.xcassets; sourceTree = "<group>"; };
		7459B4192783BB68005A5642 /* FuzzyExample.app */ = {isa = PBXFileReference; explicitFileType = wrapper.application; includeInIndex = 0; path = FuzzyExample.app; sourceTree = BUILT_PRODUCTS_DIR; };
		7459B41F2783BB68005A5642 /* FuzzyExample.app */ = {isa = PBXFileReference; explicitFileType = wrapper.application; includeInIndex = 0; path = FuzzyExample.app; sourceTree = BUILT_PRODUCTS_DIR; };
		7459B4212783BB68005A5642 /* macOS.entitlements */ = {isa = PBXFileReference; lastKnownFileType = text.plist.entitlements; path = macOS.entitlements; sourceTree = "<group>"; };
/* End PBXFileReference section */

/* Begin PBXFrameworksBuildPhase section */
		7459B4162783BB68005A5642 /* Frameworks */ = {
			isa = PBXFrameworksBuildPhase;
			buildActionMask = 2147483647;
			files = (
				74B8886E27AEC7C8000425B2 /* FuzzyKit in Frameworks */,
				74CA3D8227AECE23008E9D57 /* SwiftUICharts in Frameworks */,
			);
			runOnlyForDeploymentPostprocessing = 0;
		};
		7459B41C2783BB68005A5642 /* Frameworks */ = {
			isa = PBXFrameworksBuildPhase;
			buildActionMask = 2147483647;
			files = (
				7459B4322783BC7B005A5642 /* FuzzyKit in Frameworks */,
				74CA3D8427AECEFE008E9D57 /* SwiftUICharts in Frameworks */,
			);
			runOnlyForDeploymentPostprocessing = 0;
		};
/* End PBXFrameworksBuildPhase section */

/* Begin PBXGroup section */
		7459B40C2783BB66005A5642 = {
			isa = PBXGroup;
			children = (
				7459B4112783BB66005A5642 /* Shared */,
				7459B4202783BB68005A5642 /* macOS */,
				7459B41A2783BB68005A5642 /* Products */,
				74B8886A27AEC7B7000425B2 /* Frameworks */,
			);
			sourceTree = "<group>";
		};
		7459B4112783BB66005A5642 /* Shared */ = {
			isa = PBXGroup;
			children = (
				7459B4122783BB66005A5642 /* FuzzyExampleApp.swift */,
				7459B4132783BB66005A5642 /* ContentView.swift */,
				7459B4142783BB68005A5642 /* Assets.xcassets */,
			);
			path = Shared;
			sourceTree = "<group>";
		};
		7459B41A2783BB68005A5642 /* Products */ = {
			isa = PBXGroup;
			children = (
				7459B4192783BB68005A5642 /* FuzzyExample.app */,
				7459B41F2783BB68005A5642 /* FuzzyExample.app */,
			);
			name = Products;
			sourceTree = "<group>";
		};
		7459B4202783BB68005A5642 /* macOS */ = {
			isa = PBXGroup;
			children = (
				7459B4212783BB68005A5642 /* macOS.entitlements */,
			);
			path = macOS;
			sourceTree = "<group>";
		};
		74B8886A27AEC7B7000425B2 /* Frameworks */ = {
			isa = PBXGroup;
			children = (
			);
			name = Frameworks;
			sourceTree = "<group>";
		};
/* End PBXGroup section */

/* Begin PBXNativeTarget section */
		7459B4182783BB68005A5642 /* FuzzyExample (iOS) */ = {
			isa = PBXNativeTarget;
			buildConfigurationList = 7459B42A2783BB68005A5642 /* Build configuration list for PBXNativeTarget "FuzzyExample (iOS)" */;
			buildPhases = (
				7459B4152783BB68005A5642 /* Sources */,
				7459B4162783BB68005A5642 /* Frameworks */,
				7459B4172783BB68005A5642 /* Resources */,
			);
			buildRules = (
			);
			dependencies = (
			);
			name = "FuzzyExample (iOS)";
			packageProductDependencies = (
				74B8886D27AEC7C8000425B2 /* FuzzyKit */,
				74CA3D8127AECE23008E9D57 /* SwiftUICharts */,
			);
			productName = "FuzzyExample (iOS)";
			productReference = 7459B4192783BB68005A5642 /* FuzzyExample.app */;
			productType = "com.apple.product-type.application";
		};
		7459B41E2783BB68005A5642 /* FuzzyExample (macOS) */ = {
			isa = PBXNativeTarget;
			buildConfigurationList = 7459B42D2783BB68005A5642 /* Build configuration list for PBXNativeTarget "FuzzyExample (macOS)" */;
			buildPhases = (
				7459B41B2783BB68005A5642 /* Sources */,
				7459B41C2783BB68005A5642 /* Frameworks */,
				7459B41D2783BB68005A5642 /* Resources */,
			);
			buildRules = (
			);
			dependencies = (
			);
			name = "FuzzyExample (macOS)";
			packageProductDependencies = (
				7459B4312783BC7B005A5642 /* FuzzyKit */,
				74CA3D8327AECEFE008E9D57 /* SwiftUICharts */,
			);
			productName = "FuzzyExample (macOS)";
			productReference = 7459B41F2783BB68005A5642 /* FuzzyExample.app */;
			productType = "com.apple.product-type.application";
		};
/* End PBXNativeTarget section */

/* Begin PBXProject section */
		7459B40D2783BB66005A5642 /* Project object */ = {
			isa = PBXProject;
			attributes = {
				BuildIndependentTargetsInParallel = 1;
				LastSwiftUpdateCheck = 1320;
				LastUpgradeCheck = 1320;
				TargetAttributes = {
					7459B4182783BB68005A5642 = {
						CreatedOnToolsVersion = 13.2;
					};
					7459B41E2783BB68005A5642 = {
						CreatedOnToolsVersion = 13.2;
					};
				};
			};
			buildConfigurationList = 7459B4102783BB66005A5642 /* Build configuration list for PBXProject "FuzzyExample" */;
			compatibilityVersion = "Xcode 13.0";
			developmentRegion = en;
			hasScannedForEncodings = 0;
			knownRegions = (
				en,
				Base,
			);
			mainGroup = 7459B40C2783BB66005A5642;
			packageReferences = (
				7459B4302783BC7B005A5642 /* XCRemoteSwiftPackageReference "FuzzyKit" */,
				74CA3D8027AECE23008E9D57 /* XCRemoteSwiftPackageReference "ChartView" */,
			);
			productRefGroup = 7459B41A2783BB68005A5642 /* Products */;
			projectDirPath = "";
			projectRoot = "";
			targets = (
				7459B4182783BB68005A5642 /* FuzzyExample (iOS) */,
				7459B41E2783BB68005A5642 /* FuzzyExample (macOS) */,
			);
		};
/* End PBXProject section */

/* Begin PBXResourcesBuildPhase section */
		7459B4172783BB68005A5642 /* Resources */ = {
			isa = PBXResourcesBuildPhase;
			buildActionMask = 2147483647;
			files = (
				7459B4262783BB68005A5642 /* Assets.xcassets in Resources */,
			);
			runOnlyForDeploymentPostprocessing = 0;
		};
		7459B41D2783BB68005A5642 /* Resources */ = {
			isa = PBXResourcesBuildPhase;
			buildActionMask = 2147483647;
			files = (
				7459B4272783BB68005A5642 /* Assets.xcassets in Resources */,
			);
			runOnlyForDeploymentPostprocessing = 0;
		};
/* End PBXResourcesBuildPhase section */

/* Begin PBXSourcesBuildPhase section */
		7459B4152783BB68005A5642 /* Sources */ = {
			isa = PBXSourcesBuildPhase;
			buildActionMask = 2147483647;
			files = (
				7459B4242783BB68005A5642 /* ContentView.swift in Sources */,
				7459B4222783BB68005A5642 /* FuzzyExampleApp.swift in Sources */,
			);
			runOnlyForDeploymentPostprocessing = 0;
		};
		7459B41B2783BB68005A5642 /* Sources */ = {
			isa = PBXSourcesBuildPhase;
			buildActionMask = 2147483647;
			files = (
				7459B4252783BB68005A5642 /* ContentView.swift in Sources */,
				7459B4232783BB68005A5642 /* FuzzyExampleApp.swift in Sources */,
			);
			runOnlyForDeploymentPostprocessing = 0;
		};
/* End PBXSourcesBuildPhase section */

/* Begin XCBuildConfiguration section */
		7459B4282783BB68005A5642 /* Debug */ = {
			isa = XCBuildConfiguration;
			buildSettings = {
				ALWAYS_SEARCH_USER_PATHS = NO;
				CLANG_ANALYZER_NONNULL = YES;
				CLANG_ANALYZER_NUMBER_OBJECT_CONVERSION = YES_AGGRESSIVE;
				CLANG_CXX_LANGUAGE_STANDARD = "gnu++17";
				CLANG_CXX_LIBRARY = "libc++";
				CLANG_ENABLE_MODULES = YES;
				CLANG_ENABLE_OBJC_ARC = YES;
				CLANG_ENABLE_OBJC_WEAK = YES;
				CLANG_WARN_BLOCK_CAPTURE_AUTORELEASING = YES;
				CLANG_WARN_BOOL_CONVERSION = YES;
				CLANG_WARN_COMMA = YES;
				CLANG_WARN_CONSTANT_CONVERSION = YES;
				CLANG_WARN_DEPRECATED_OBJC_IMPLEMENTATIONS = YES;
				CLANG_WARN_DIRECT_OBJC_ISA_USAGE = YES_ERROR;
				CLANG_WARN_DOCUMENTATION_COMMENTS = YES;
				CLANG_WARN_EMPTY_BODY = YES;
				CLANG_WARN_ENUM_CONVERSION = YES;
				CLANG_WARN_INFINITE_RECURSION = YES;
				CLANG_WARN_INT_CONVERSION = YES;
				CLANG_WARN_NON_LITERAL_NULL_CONVERSION = YES;
				CLANG_WARN_OBJC_IMPLICIT_RETAIN_SELF = YES;
				CLANG_WARN_OBJC_LITERAL_CONVERSION = YES;
				CLANG_WARN_OBJC_ROOT_CLASS = YES_ERROR;
				CLANG_WARN_QUOTED_INCLUDE_IN_FRAMEWORK_HEADER = YES;
				CLANG_WARN_RANGE_LOOP_ANALYSIS = YES;
				CLANG_WARN_STRICT_PROTOTYPES = YES;
				CLANG_WARN_SUSPICIOUS_MOVE = YES;
				CLANG_WARN_UNGUARDED_AVAILABILITY = YES_AGGRESSIVE;
				CLANG_WARN_UNREACHABLE_CODE = YES;
				CLANG_WARN__DUPLICATE_METHOD_MATCH = YES;
				COPY_PHASE_STRIP = NO;
				DEBUG_INFORMATION_FORMAT = dwarf;
				ENABLE_STRICT_OBJC_MSGSEND = YES;
				ENABLE_TESTABILITY = YES;
				GCC_C_LANGUAGE_STANDARD = gnu11;
				GCC_DYNAMIC_NO_PIC = NO;
				GCC_NO_COMMON_BLOCKS = YES;
				GCC_OPTIMIZATION_LEVEL = 0;
				GCC_PREPROCESSOR_DEFINITIONS = (
					"DEBUG=1",
					"$(inherited)",
				);
				GCC_WARN_64_TO_32_BIT_CONVERSION = YES;
				GCC_WARN_ABOUT_RETURN_TYPE = YES_ERROR;
				GCC_WARN_UNDECLARED_SELECTOR = YES;
				GCC_WARN_UNINITIALIZED_AUTOS = YES_AGGRESSIVE;
				GCC_WARN_UNUSED_FUNCTION = YES;
				GCC_WARN_UNUSED_VARIABLE = YES;
				MTL_ENABLE_DEBUG_INFO = INCLUDE_SOURCE;
				MTL_FAST_MATH = YES;
				ONLY_ACTIVE_ARCH = YES;
				SWIFT_ACTIVE_COMPILATION_CONDITIONS = DEBUG;
				SWIFT_OPTIMIZATION_LEVEL = "-Onone";
			};
			name = Debug;
		};
		7459B4292783BB68005A5642 /* Release */ = {
			isa = XCBuildConfiguration;
			buildSettings = {
				ALWAYS_SEARCH_USER_PATHS = NO;
				CLANG_ANALYZER_NONNULL = YES;
				CLANG_ANALYZER_NUMBER_OBJECT_CONVERSION = YES_AGGRESSIVE;
				CLANG_CXX_LANGUAGE_STANDARD = "gnu++17";
				CLANG_CXX_LIBRARY = "libc++";
				CLANG_ENABLE_MODULES = YES;
				CLANG_ENABLE_OBJC_ARC = YES;
				CLANG_ENABLE_OBJC_WEAK = YES;
				CLANG_WARN_BLOCK_CAPTURE_AUTORELEASING = YES;
				CLANG_WARN_BOOL_CONVERSION = YES;
				CLANG_WARN_COMMA = YES;
				CLANG_WARN_CONSTANT_CONVERSION = YES;
				CLANG_WARN_DEPRECATED_OBJC_IMPLEMENTATIONS = YES;
				CLANG_WARN_DIRECT_OBJC_ISA_USAGE = YES_ERROR;
				CLANG_WARN_DOCUMENTATION_COMMENTS = YES;
				CLANG_WARN_EMPTY_BODY = YES;
				CLANG_WARN_ENUM_CONVERSION = YES;
				CLANG_WARN_INFINITE_RECURSION = YES;
				CLANG_WARN_INT_CONVERSION = YES;
				CLANG_WARN_NON_LITERAL_NULL_CONVERSION = YES;
				CLANG_WARN_OBJC_IMPLICIT_RETAIN_SELF = YES;
				CLANG_WARN_OBJC_LITERAL_CONVERSION = YES;
				CLANG_WARN_OBJC_ROOT_CLASS = YES_ERROR;
				CLANG_WARN_QUOTED_INCLUDE_IN_FRAMEWORK_HEADER = YES;
				CLANG_WARN_RANGE_LOOP_ANALYSIS = YES;
				CLANG_WARN_STRICT_PROTOTYPES = YES;
				CLANG_WARN_SUSPICIOUS_MOVE = YES;
				CLANG_WARN_UNGUARDED_AVAILABILITY = YES_AGGRESSIVE;
				CLANG_WARN_UNREACHABLE_CODE = YES;
				CLANG_WARN__DUPLICATE_METHOD_MATCH = YES;
				COPY_PHASE_STRIP = NO;
				DEBUG_INFORMATION_FORMAT = "dwarf-with-dsym";
				ENABLE_NS_ASSERTIONS = NO;
				ENABLE_STRICT_OBJC_MSGSEND = YES;
				GCC_C_LANGUAGE_STANDARD = gnu11;
				GCC_NO_COMMON_BLOCKS = YES;
				GCC_WARN_64_TO_32_BIT_CONVERSION = YES;
				GCC_WARN_ABOUT_RETURN_TYPE = YES_ERROR;
				GCC_WARN_UNDECLARED_SELECTOR = YES;
				GCC_WARN_UNINITIALIZED_AUTOS = YES_AGGRESSIVE;
				GCC_WARN_UNUSED_FUNCTION = YES;
				GCC_WARN_UNUSED_VARIABLE = YES;
				MTL_ENABLE_DEBUG_INFO = NO;
				MTL_FAST_MATH = YES;
				SWIFT_COMPILATION_MODE = wholemodule;
				SWIFT_OPTIMIZATION_LEVEL = "-O";
			};
			name = Release;
		};
		7459B42B2783BB68005A5642 /* Debug */ = {
			isa = XCBuildConfiguration;
			buildSettings = {
				ASSETCATALOG_COMPILER_APPICON_NAME = AppIcon;
				ASSETCATALOG_COMPILER_GLOBAL_ACCENT_COLOR_NAME = AccentColor;
				CODE_SIGN_STYLE = Automatic;
				CURRENT_PROJECT_VERSION = 1;
				DEVELOPMENT_TEAM = 4643PTS49B;
				ENABLE_PREVIEWS = YES;
				GENERATE_INFOPLIST_FILE = YES;
				INFOPLIST_KEY_UIApplicationSceneManifest_Generation = YES;
				INFOPLIST_KEY_UIApplicationSupportsIndirectInputEvents = YES;
				INFOPLIST_KEY_UILaunchScreen_Generation = YES;
				INFOPLIST_KEY_UISupportedInterfaceOrientations_iPad = "UIInterfaceOrientationPortrait UIInterfaceOrientationPortraitUpsideDown UIInterfaceOrientationLandscapeLeft UIInterfaceOrientationLandscapeRight";
				INFOPLIST_KEY_UISupportedInterfaceOrientations_iPhone = "UIInterfaceOrientationPortrait UIInterfaceOrientationLandscapeLeft UIInterfaceOrientationLandscapeRight";
				IPHONEOS_DEPLOYMENT_TARGET = 15.2;
				LD_RUNPATH_SEARCH_PATHS = (
					"$(inherited)",
					"@executable_path/Frameworks",
				);
				MARKETING_VERSION = 1.0;
				PRODUCT_BUNDLE_IDENTIFIER = bg.abv.yalishanda.FuzzyExample;
				PRODUCT_NAME = FuzzyExample;
				SDKROOT = iphoneos;
				SWIFT_EMIT_LOC_STRINGS = YES;
				SWIFT_VERSION = 5.0;
				TARGETED_DEVICE_FAMILY = "1,2";
			};
			name = Debug;
		};
		7459B42C2783BB68005A5642 /* Release */ = {
			isa = XCBuildConfiguration;
			buildSettings = {
				ASSETCATALOG_COMPILER_APPICON_NAME = AppIcon;
				ASSETCATALOG_COMPILER_GLOBAL_ACCENT_COLOR_NAME = AccentColor;
				CODE_SIGN_STYLE = Automatic;
				CURRENT_PROJECT_VERSION = 1;
				DEVELOPMENT_TEAM = 4643PTS49B;
				ENABLE_PREVIEWS = YES;
				GENERATE_INFOPLIST_FILE = YES;
				INFOPLIST_KEY_UIApplicationSceneManifest_Generation = YES;
				INFOPLIST_KEY_UIApplicationSupportsIndirectInputEvents = YES;
				INFOPLIST_KEY_UILaunchScreen_Generation = YES;
				INFOPLIST_KEY_UISupportedInterfaceOrientations_iPad = "UIInterfaceOrientationPortrait UIInterfaceOrientationPortraitUpsideDown UIInterfaceOrientationLandscapeLeft UIInterfaceOrientationLandscapeRight";
				INFOPLIST_KEY_UISupportedInterfaceOrientations_iPhone = "UIInterfaceOrientationPortrait UIInterfaceOrientationLandscapeLeft UIInterfaceOrientationLandscapeRight";
				IPHONEOS_DEPLOYMENT_TARGET = 15.2;
				LD_RUNPATH_SEARCH_PATHS = (
					"$(inherited)",
					"@executable_path/Frameworks",
				);
				MARKETING_VERSION = 1.0;
				PRODUCT_BUNDLE_IDENTIFIER = bg.abv.yalishanda.FuzzyExample;
				PRODUCT_NAME = FuzzyExample;
				SDKROOT = iphoneos;
				SWIFT_EMIT_LOC_STRINGS = YES;
				SWIFT_VERSION = 5.0;
				TARGETED_DEVICE_FAMILY = "1,2";
				VALIDATE_PRODUCT = YES;
			};
			name = Release;
		};
		7459B42E2783BB68005A5642 /* Debug */ = {
			isa = XCBuildConfiguration;
			buildSettings = {
				ASSETCATALOG_COMPILER_APPICON_NAME = AppIcon;
				ASSETCATALOG_COMPILER_GLOBAL_ACCENT_COLOR_NAME = AccentColor;
				CODE_SIGN_ENTITLEMENTS = macOS/macOS.entitlements;
				CODE_SIGN_STYLE = Automatic;
				COMBINE_HIDPI_IMAGES = YES;
				CURRENT_PROJECT_VERSION = 1;
				DEVELOPMENT_TEAM = 4643PTS49B;
				ENABLE_HARDENED_RUNTIME = YES;
				ENABLE_PREVIEWS = YES;
				GENERATE_INFOPLIST_FILE = YES;
				INFOPLIST_KEY_NSHumanReadableCopyright = "";
				LD_RUNPATH_SEARCH_PATHS = (
					"$(inherited)",
					"@executable_path/../Frameworks",
				);
				MACOSX_DEPLOYMENT_TARGET = 12.1;
				MARKETING_VERSION = 1.0;
				PRODUCT_BUNDLE_IDENTIFIER = bg.abv.yalishanda.FuzzyExample;
				PRODUCT_NAME = FuzzyExample;
				SDKROOT = macosx;
				SWIFT_EMIT_LOC_STRINGS = YES;
				SWIFT_VERSION = 5.0;
			};
			name = Debug;
		};
		7459B42F2783BB68005A5642 /* Release */ = {
			isa = XCBuildConfiguration;
			buildSettings = {
				ASSETCATALOG_COMPILER_APPICON_NAME = AppIcon;
				ASSETCATALOG_COMPILER_GLOBAL_ACCENT_COLOR_NAME = AccentColor;
				CODE_SIGN_ENTITLEMENTS = macOS/macOS.entitlements;
				CODE_SIGN_STYLE = Automatic;
				COMBINE_HIDPI_IMAGES = YES;
				CURRENT_PROJECT_VERSION = 1;
				DEVELOPMENT_TEAM = 4643PTS49B;
				ENABLE_HARDENED_RUNTIME = YES;
				ENABLE_PREVIEWS = YES;
				GENERATE_INFOPLIST_FILE = YES;
				INFOPLIST_KEY_NSHumanReadableCopyright = "";
				LD_RUNPATH_SEARCH_PATHS = (
					"$(inherited)",
					"@executable_path/../Frameworks",
				);
				MACOSX_DEPLOYMENT_TARGET = 12.1;
				MARKETING_VERSION = 1.0;
				PRODUCT_BUNDLE_IDENTIFIER = bg.abv.yalishanda.FuzzyExample;
				PRODUCT_NAME = FuzzyExample;
				SDKROOT = macosx;
				SWIFT_EMIT_LOC_STRINGS = YES;
				SWIFT_VERSION = 5.0;
			};
			name = Release;
		};
/* End XCBuildConfiguration section */

/* Begin XCConfigurationList section */
		7459B4102783BB66005A5642 /* Build configuration list for PBXProject "FuzzyExample" */ = {
			isa = XCConfigurationList;
			buildConfigurations = (
				7459B4282783BB68005A5642 /* Debug */,
				7459B4292783BB68005A5642 /* Release */,
			);
			defaultConfigurationIsVisible = 0;
			defaultConfigurationName = Release;
		};
		7459B42A2783BB68005A5642 /* Build configuration list for PBXNativeTarget "FuzzyExample (iOS)" */ = {
			isa = XCConfigurationList;
			buildConfigurations = (
				7459B42B2783BB68005A5642 /* Debug */,
				7459B42C2783BB68005A5642 /* Release */,
			);
			defaultConfigurationIsVisible = 0;
			defaultConfigurationName = Release;
		};
		7459B42D2783BB68005A5642 /* Build configuration list for PBXNativeTarget "FuzzyExample (macOS)" */ = {
			isa = XCConfigurationList;
			buildConfigurations = (
				7459B42E2783BB68005A5642 /* Debug */,
				7459B42F2783BB68005A5642 /* Release */,
			);
			defaultConfigurationIsVisible = 0;
			defaultConfigurationName = Release;
		};
/* End XCConfigurationList section */

/* Begin XCRemoteSwiftPackageReference section */
		7459B4302783BC7B005A5642 /* XCRemoteSwiftPackageReference "FuzzyKit" */ = {
			isa = XCRemoteSwiftPackageReference;
			repositoryURL = "https://github.com/allexks/FuzzyKit";
			requirement = {
				branch = master;
				kind = branch;
			};
		};
		74CA3D8027AECE23008E9D57 /* XCRemoteSwiftPackageReference "ChartView" */ = {
			isa = XCRemoteSwiftPackageReference;
			repositoryURL = "https://github.com/AppPear/ChartView";
			requirement = {
				kind = upToNextMajorVersion;
				minimumVersion = 1.0.0;
			};
		};
/* End XCRemoteSwiftPackageReference section */

/* Begin XCSwiftPackageProductDependency section */
		7459B4312783BC7B005A5642 /* FuzzyKit */ = {
			isa = XCSwiftPackageProductDependency;
			package = 7459B4302783BC7B005A5642 /* XCRemoteSwiftPackageReference "FuzzyKit" */;
			productName = FuzzyKit;
		};
		74B8886D27AEC7C8000425B2 /* FuzzyKit */ = {
			isa = XCSwiftPackageProductDependency;
			package = 7459B4302783BC7B005A5642 /* XCRemoteSwiftPackageReference "FuzzyKit" */;
			productName = FuzzyKit;
		};
		74CA3D8127AECE23008E9D57 /* SwiftUICharts */ = {
			isa = XCSwiftPackageProductDependency;
			package = 74CA3D8027AECE23008E9D57 /* XCRemoteSwiftPackageReference "ChartView" */;
			productName = SwiftUICharts;
		};
		74CA3D8327AECEFE008E9D57 /* SwiftUICharts */ = {
			isa = XCSwiftPackageProductDependency;
			package = 74CA3D8027AECE23008E9D57 /* XCRemoteSwiftPackageReference "ChartView" */;
			productName = SwiftUICharts;
		};
/* End XCSwiftPackageProductDependency section */
	};
	rootObject = 7459B40D2783BB66005A5642 /* Project object */;
}
